
Microsoft Visual Studio Solution File, Format Version 12.00
# Visual Studio Version 16
VisualStudioVersion = 16.0.31911.196
MinimumVisualStudioVersion = 10.0.40219.1
Project("{FAE04EC0-301F-11D3-BF4B-00C04F79EFBC}") = "ArraysDemo", "ArraysDemo\ArraysDemo.csproj", "{A1DB6C1D-A94C-4B4B-A19F-90ADB9113DC6}"
EndProject
Global
	GlobalSection(SolutionConfigurationPlatforms) = preSolution
		Debug|Any CPU = Debug|Any CPU
		Release|Any CPU = Release|Any CPU
	EndGlobalSection
	GlobalSection(ProjectConfigurationPlatforms) = postSolution
		{A1DB6C1D-A94C-4B4B-A19F-90ADB9113DC6}.Debug|Any CPU.ActiveCfg = Debug|Any CPU
		{A1DB6C1D-A94C-4B4B-A19F-90ADB9113DC6}.Debug|Any CPU.Build.0 = Debug|Any CPU
		{A1DB6C1D-A94C-4B4B-A19F-90ADB9113DC6}.Release|Any CPU.ActiveCfg = Release|Any CPU
		{A1DB6C1D-A94C-4B4B-A19F-90ADB9113DC6}.Release|Any CPU.Build.0 = Release|Any CPU
	EndGlobalSection
	GlobalSection(SolutionProperties) = preSolution
		HideSolutionNode = FALSE
	EndGlobalSection
	GlobalSection(ExtensibilityGlobals) = postSolution
		SolutionGuid = {B75CE5F9-14D8-4642-AD08-BFC4A63FA907}
	EndGlobalSection
EndGlobal
