
Microsoft Visual Studio Solution File, Format Version 12.00
# Visual Studio Version 16
VisualStudioVersion = 16.0.31911.196
MinimumVisualStudioVersion = 10.0.40219.1
Project("{FAE04EC0-301F-11D3-BF4B-00C04F79EFBC}") = "DiceStatsDemo", "DiceStatsDemo\DiceStatsDemo.csproj", "{C41EECB7-3F42-4185-9BE8-AFDB71398B7A}"
EndProject
Global
	GlobalSection(SolutionConfigurationPlatforms) = preSolution
		Debug|Any CPU = Debug|Any CPU
		Release|Any CPU = Release|Any CPU
	EndGlobalSection
	GlobalSection(ProjectConfigurationPlatforms) = postSolution
		{C41EECB7-3F42-4185-9BE8-AFDB71398B7A}.Debug|Any CPU.ActiveCfg = Debug|Any CPU
		{C41EECB7-3F42-4185-9BE8-AFDB71398B7A}.Debug|Any CPU.Build.0 = Debug|Any CPU
		{C41EECB7-3F42-4185-9BE8-AFDB71398B7A}.Release|Any CPU.ActiveCfg = Release|Any CPU
		{C41EECB7-3F42-4185-9BE8-AFDB71398B7A}.Release|Any CPU.Build.0 = Release|Any CPU
	EndGlobalSection
	GlobalSection(SolutionProperties) = preSolution
		HideSolutionNode = FALSE
	EndGlobalSection
	GlobalSection(ExtensibilityGlobals) = postSolution
		SolutionGuid = {AB1442F1-0991-4B99-9620-A8ED8333917B}
	EndGlobalSection
EndGlobal
