
Microsoft Visual Studio Solution File, Format Version 12.00
# Visual Studio Version 16
VisualStudioVersion = 16.0.31911.196
MinimumVisualStudioVersion = 10.0.40219.1
Project("{FAE04EC0-301F-11D3-BF4B-00C04F79EFBC}") = "EnumDictionary", "EnumDictionary\EnumDictionary.csproj", "{2144E576-9295-4780-AEF2-732A158A1B30}"
EndProject
Global
	GlobalSection(SolutionConfigurationPlatforms) = preSolution
		Debug|Any CPU = Debug|Any CPU
		Release|Any CPU = Release|Any CPU
	EndGlobalSection
	GlobalSection(ProjectConfigurationPlatforms) = postSolution
		{2144E576-9295-4780-AEF2-732A158A1B30}.Debug|Any CPU.ActiveCfg = Debug|Any CPU
		{2144E576-9295-4780-AEF2-732A158A1B30}.Debug|Any CPU.Build.0 = Debug|Any CPU
		{2144E576-9295-4780-AEF2-732A158A1B30}.Release|Any CPU.ActiveCfg = Release|Any CPU
		{2144E576-9295-4780-AEF2-732A158A1B30}.Release|Any CPU.Build.0 = Release|Any CPU
	EndGlobalSection
	GlobalSection(SolutionProperties) = preSolution
		HideSolutionNode = FALSE
	EndGlobalSection
	GlobalSection(ExtensibilityGlobals) = postSolution
		SolutionGuid = {7D1E04B3-5856-4213-8D31-A84C596CD981}
	EndGlobalSection
EndGlobal
